
Microsoft Visual Studio Solution File, Format Version 12.00
# Visual Studio Version 16
VisualStudioVersion = 16.0.31129.286
MinimumVisualStudioVersion = 10.0.40219.1
Project("{9A19103F-16F7-4668-BE54-9A1E7A4F7556}") = "WebExplorerWithKendoUI", "WebExplorerWithKendoUI\WebExplorerWithKendoUI.csproj", "{2969294C-E3F6-4B4F-BA51-1F12CAC08F23}"
EndProject
Global
	GlobalSection(SolutionConfigurationPlatforms) = preSolution
		Debug|Any CPU = Debug|Any CPU
		Release|Any CPU = Release|Any CPU
	EndGlobalSection
	GlobalSection(ProjectConfigurationPlatforms) = postSolution
		{2969294C-E3F6-4B4F-BA51-1F12CAC08F23}.Debug|Any CPU.ActiveCfg = Debug|Any CPU
		{2969294C-E3F6-4B4F-BA51-1F12CAC08F23}.Debug|Any CPU.Build.0 = Debug|Any CPU
		{2969294C-E3F6-4B4F-BA51-1F12CAC08F23}.Release|Any CPU.ActiveCfg = Release|Any CPU
		{2969294C-E3F6-4B4F-BA51-1F12CAC08F23}.Release|Any CPU.Build.0 = Release|Any CPU
	EndGlobalSection
	GlobalSection(SolutionProperties) = preSolution
		HideSolutionNode = FALSE
	EndGlobalSection
	GlobalSection(ExtensibilityGlobals) = postSolution
		SolutionGuid = {DA6F7718-EC66-4FC6-A35E-F1E3A62B002D}
	EndGlobalSection
EndGlobal
